// !$*UTF8*$!
{
	archiveVersion = 1;
	classes = {
	};
	objectVersion = 46;
	objects = {

/* Begin PBXBuildFile section */
		BCFFDA451ADDECA300053AF4 /* AppDelegate.swift in Sources */ = {isa = PBXBuildFile; fileRef = BCFFDA441ADDECA300053AF4 /* AppDelegate.swift */; };
		BCFFDA471ADDECA300053AF4 /* ViewController.swift in Sources */ = {isa = PBXBuildFile; fileRef = BCFFDA461ADDECA300053AF4 /* ViewController.swift */; };
		BCFFDA4A1ADDECA300053AF4 /* Main.storyboard in Resources */ = {isa = PBXBuildFile; fileRef = BCFFDA481ADDECA300053AF4 /* Main.storyboard */; };
		BCFFDA4C1ADDECA300053AF4 /* Images.xcassets in Resources */ = {isa = PBXBuildFile; fileRef = BCFFDA4B1ADDECA300053AF4 /* Images.xcassets */; };
		BCFFDA4F1ADDECA300053AF4 /* LaunchScreen.xib in Resources */ = {isa = PBXBuildFile; fileRef = BCFFDA4D1ADDECA300053AF4 /* LaunchScreen.xib */; };
		BCFFDA5B1ADDECA300053AF4 /* TomateTests.swift in Sources */ = {isa = PBXBuildFile; fileRef = BCFFDA5A1ADDECA300053AF4 /* TomateTests.swift */; };
/* End PBXBuildFile section */

/* Begin PBXContainerItemProxy section */
		BCFFDA551ADDECA300053AF4 /* PBXContainerItemProxy */ = {
			isa = PBXContainerItemProxy;
			containerPortal = BCFFDA371ADDECA300053AF4 /* Project object */;
			proxyType = 1;
			remoteGlobalIDString = BCFFDA3E1ADDECA300053AF4;
			remoteInfo = Tomate;
		};
/* End PBXContainerItemProxy section */

/* Begin PBXFileReference section */
		BCFFDA3F1ADDECA300053AF4 /* Tomate.app */ = {isa = PBXFileReference; explicitFileType = wrapper.application; includeInIndex = 0; path = Tomate.app; sourceTree = BUILT_PRODUCTS_DIR; };
		BCFFDA431ADDECA300053AF4 /* Info.plist */ = {isa = PBXFileReference; lastKnownFileType = text.plist.xml; path = Info.plist; sourceTree = "<group>"; };
		BCFFDA441ADDECA300053AF4 /* AppDelegate.swift */ = {isa = PBXFileReference; lastKnownFileType = sourcecode.swift; path = AppDelegate.swift; sourceTree = "<group>"; };
		BCFFDA461ADDECA300053AF4 /* ViewController.swift */ = {isa = PBXFileReference; lastKnownFileType = sourcecode.swift; path = ViewController.swift; sourceTree = "<group>"; };
		BCFFDA491ADDECA300053AF4 /* Base */ = {isa = PBXFileReference; lastKnownFileType = file.storyboard; name = Base; path = Base.lproj/Main.storyboard; sourceTree = "<group>"; };
		BCFFDA4B1ADDECA300053AF4 /* Images.xcassets */ = {isa = PBXFileReference; lastKnownFileType = folder.assetcatalog; path = Images.xcassets; sourceTree = "<group>"; };
		BCFFDA4E1ADDECA300053AF4 /* Base */ = {isa = PBXFileReference; lastKnownFileType = file.xib; name = Base; path = Base.lproj/LaunchScreen.xib; sourceTree = "<group>"; };
		BCFFDA541ADDECA300053AF4 /* TomateTests.xctest */ = {isa = PBXFileReference; explicitFileType = wrapper.cfbundle; includeInIndex = 0; path = TomateTests.xctest; sourceTree = BUILT_PRODUCTS_DIR; };
		BCFFDA591ADDECA300053AF4 /* Info.plist */ = {isa = PBXFileReference; lastKnownFileType = text.plist.xml; path = Info.plist; sourceTree = "<group>"; };
		BCFFDA5A1ADDECA300053AF4 /* TomateTests.swift */ = {isa = PBXFileReference; lastKnownFileType = sourcecode.swift; path = TomateTests.swift; sourceTree = "<group>"; };
/* End PBXFileReference section */

/* Begin PBXFrameworksBuildPhase section */
		BCFFDA3C1ADDECA300053AF4 /* Frameworks */ = {
			isa = PBXFrameworksBuildPhase;
			buildActionMask = 2147483647;
			files = (
			);
			runOnlyForDeploymentPostprocessing = 0;
		};
		BCFFDA511ADDECA300053AF4 /* Frameworks */ = {
			isa = PBXFrameworksBuildPhase;
			buildActionMask = 2147483647;
			files = (
			);
			runOnlyForDeploymentPostprocessing = 0;
		};
/* End PBXFrameworksBuildPhase section */

/* Begin PBXGroup section */
		BCFFDA361ADDECA300053AF4 = {
			isa = PBXGroup;
			children = (
				BCFFDA411ADDECA300053AF4 /* Tomate */,
				BCFFDA571ADDECA300053AF4 /* TomateTests */,
				BCFFDA401ADDECA300053AF4 /* Products */,
			);
			sourceTree = "<group>";
		};
		BCFFDA401ADDECA300053AF4 /* Products */ = {
			isa = PBXGroup;
			children = (
				BCFFDA3F1ADDECA300053AF4 /* Tomate.app */,
				BCFFDA541ADDECA300053AF4 /* TomateTests.xctest */,
			);
			name = Products;
			sourceTree = "<group>";
		};
		BCFFDA411ADDECA300053AF4 /* Tomate */ = {
			isa = PBXGroup;
			children = (
				BCFFDA441ADDECA300053AF4 /* AppDelegate.swift */,
				BCFFDA461ADDECA300053AF4 /* ViewController.swift */,
				BCFFDA481ADDECA300053AF4 /* Main.storyboard */,
				BCFFDA4B1ADDECA300053AF4 /* Images.xcassets */,
				BCFFDA4D1ADDECA300053AF4 /* LaunchScreen.xib */,
				BCFFDA421ADDECA300053AF4 /* Supporting Files */,
			);
			path = Tomate;
			sourceTree = "<group>";
		};
		BCFFDA421ADDECA300053AF4 /* Supporting Files */ = {
			isa = PBXGroup;
			children = (
				BCFFDA431ADDECA300053AF4 /* Info.plist */,
			);
			name = "Supporting Files";
			sourceTree = "<group>";
		};
		BCFFDA571ADDECA300053AF4 /* TomateTests */ = {
			isa = PBXGroup;
			children = (
				BCFFDA5A1ADDECA300053AF4 /* TomateTests.swift */,
				BCFFDA581ADDECA300053AF4 /* Supporting Files */,
			);
			path = TomateTests;
			sourceTree = "<group>";
		};
		BCFFDA581ADDECA300053AF4 /* Supporting Files */ = {
			isa = PBXGroup;
			children = (
				BCFFDA591ADDECA300053AF4 /* Info.plist */,
			);
			name = "Supporting Files";
			sourceTree = "<group>";
		};
/* End PBXGroup section */

/* Begin PBXNativeTarget section */
		BCFFDA3E1ADDECA300053AF4 /* Tomate */ = {
			isa = PBXNativeTarget;
			buildConfigurationList = BCFFDA5E1ADDECA300053AF4 /* Build configuration list for PBXNativeTarget "Tomate" */;
			buildPhases = (
				BCFFDA3B1ADDECA300053AF4 /* Sources */,
				BCFFDA3C1ADDECA300053AF4 /* Frameworks */,
				BCFFDA3D1ADDECA300053AF4 /* Resources */,
			);
			buildRules = (
			);
			dependencies = (
			);
			name = Tomate;
			productName = Tomate;
			productReference = BCFFDA3F1ADDECA300053AF4 /* Tomate.app */;
			productType = "com.apple.product-type.application";
		};
		BCFFDA531ADDECA300053AF4 /* TomateTests */ = {
			isa = PBXNativeTarget;
			buildConfigurationList = BCFFDA611ADDECA300053AF4 /* Build configuration list for PBXNativeTarget "TomateTests" */;
			buildPhases = (
				BCFFDA501ADDECA300053AF4 /* Sources */,
				BCFFDA511ADDECA300053AF4 /* Frameworks */,
				BCFFDA521ADDECA300053AF4 /* Resources */,
			);
			buildRules = (
			);
			dependencies = (
				BCFFDA561ADDECA300053AF4 /* PBXTargetDependency */,
			);
			name = TomateTests;
			productName = TomateTests;
			productReference = BCFFDA541ADDECA300053AF4 /* TomateTests.xctest */;
			productType = "com.apple.product-type.bundle.unit-test";
		};
/* End PBXNativeTarget section */

/* Begin PBXProject section */
		BCFFDA371ADDECA300053AF4 /* Project object */ = {
			isa = PBXProject;
			attributes = {
				LastUpgradeCheck = 0630;
				ORGANIZATIONNAME = "Matt Cline";
				TargetAttributes = {
					BCFFDA3E1ADDECA300053AF4 = {
						CreatedOnToolsVersion = 6.3;
					};
					BCFFDA531ADDECA300053AF4 = {
						CreatedOnToolsVersion = 6.3;
						TestTargetID = BCFFDA3E1ADDECA300053AF4;
					};
				};
			};
			buildConfigurationList = BCFFDA3A1ADDECA300053AF4 /* Build configuration list for PBXProject "Tomate" */;
			compatibilityVersion = "Xcode 3.2";
			developmentRegion = English;
			hasScannedForEncodings = 0;
			knownRegions = (
				en,
				Base,
			);
			mainGroup = BCFFDA361ADDECA300053AF4;
			productRefGroup = BCFFDA401ADDECA300053AF4 /* Products */;
			projectDirPath = "";
			projectRoot = "";
			targets = (
				BCFFDA3E1ADDECA300053AF4 /* Tomate */,
				BCFFDA531ADDECA300053AF4 /* TomateTests */,
			);
		};
/* End PBXProject section */

/* Begin PBXResourcesBuildPhase section */
		BCFFDA3D1ADDECA300053AF4 /* Resources */ = {
			isa = PBXResourcesBuildPhase;
			buildActionMask = 2147483647;
			files = (
				BCFFDA4A1ADDECA300053AF4 /* Main.storyboard in Resources */,
				BCFFDA4F1ADDECA300053AF4 /* LaunchScreen.xib in Resources */,
				BCFFDA4C1ADDECA300053AF4 /* Images.xcassets in Resources */,
			);
			runOnlyForDeploymentPostprocessing = 0;
		};
		BCFFDA521ADDECA300053AF4 /* Resources */ = {
			isa = PBXResourcesBuildPhase;
			buildActionMask = 2147483647;
			files = (
			);
			runOnlyForDeploymentPostprocessing = 0;
		};
/* End PBXResourcesBuildPhase section */

/* Begin PBXSourcesBuildPhase section */
		BCFFDA3B1ADDECA300053AF4 /* Sources */ = {
			isa = PBXSourcesBuildPhase;
			buildActionMask = 2147483647;
			files = (
				BCFFDA471ADDECA300053AF4 /* ViewController.swift in Sources */,
				BCFFDA451ADDECA300053AF4 /* AppDelegate.swift in Sources */,
			);
			runOnlyForDeploymentPostprocessing = 0;
		};
		BCFFDA501ADDECA300053AF4 /* Sources */ = {
			isa = PBXSourcesBuildPhase;
			buildActionMask = 2147483647;
			files = (
				BCFFDA5B1ADDECA300053AF4 /* TomateTests.swift in Sources */,
			);
			runOnlyForDeploymentPostprocessing = 0;
		};
/* End PBXSourcesBuildPhase section */

/* Begin PBXTargetDependency section */
		BCFFDA561ADDECA300053AF4 /* PBXTargetDependency */ = {
			isa = PBXTargetDependency;
			target = BCFFDA3E1ADDECA300053AF4 /* Tomate */;
			targetProxy = BCFFDA551ADDECA300053AF4 /* PBXContainerItemProxy */;
		};
/* End PBXTargetDependency section */

/* Begin PBXVariantGroup section */
		BCFFDA481ADDECA300053AF4 /* Main.storyboard */ = {
			isa = PBXVariantGroup;
			children = (
				BCFFDA491ADDECA300053AF4 /* Base */,
			);
			name = Main.storyboard;
			sourceTree = "<group>";
		};
		BCFFDA4D1ADDECA300053AF4 /* LaunchScreen.xib */ = {
			isa = PBXVariantGroup;
			children = (
				BCFFDA4E1ADDECA300053AF4 /* Base */,
			);
			name = LaunchScreen.xib;
			sourceTree = "<group>";
		};
/* End PBXVariantGroup section */

/* Begin XCBuildConfiguration section */
		BCFFDA5C1ADDECA300053AF4 /* Debug */ = {
			isa = XCBuildConfiguration;
			buildSettings = {
				ALWAYS_SEARCH_USER_PATHS = NO;
				CLANG_CXX_LANGUAGE_STANDARD = "gnu++0x";
				CLANG_CXX_LIBRARY = "libc++";
				CLANG_ENABLE_MODULES = YES;
				CLANG_ENABLE_OBJC_ARC = YES;
				CLANG_WARN_BOOL_CONVERSION = YES;
				CLANG_WARN_CONSTANT_CONVERSION = YES;
				CLANG_WARN_DIRECT_OBJC_ISA_USAGE = YES_ERROR;
				CLANG_WARN_EMPTY_BODY = YES;
				CLANG_WARN_ENUM_CONVERSION = YES;
				CLANG_WARN_INT_CONVERSION = YES;
				CLANG_WARN_OBJC_ROOT_CLASS = YES_ERROR;
				CLANG_WARN_UNREACHABLE_CODE = YES;
				CLANG_WARN__DUPLICATE_METHOD_MATCH = YES;
				"CODE_SIGN_IDENTITY[sdk=iphoneos*]" = "iPhone Developer";
				COPY_PHASE_STRIP = NO;
				DEBUG_INFORMATION_FORMAT = "dwarf-with-dsym";
				ENABLE_STRICT_OBJC_MSGSEND = YES;
				GCC_C_LANGUAGE_STANDARD = gnu99;
				GCC_DYNAMIC_NO_PIC = NO;
				GCC_NO_COMMON_BLOCKS = YES;
				GCC_OPTIMIZATION_LEVEL = 0;
				GCC_PREPROCESSOR_DEFINITIONS = (
					"DEBUG=1",
					"$(inherited)",
				);
				GCC_SYMBOLS_PRIVATE_EXTERN = NO;
				GCC_WARN_64_TO_32_BIT_CONVERSION = YES;
				GCC_WARN_ABOUT_RETURN_TYPE = YES_ERROR;
				GCC_WARN_UNDECLARED_SELECTOR = YES;
				GCC_WARN_UNINITIALIZED_AUTOS = YES_AGGRESSIVE;
				GCC_WARN_UNUSED_FUNCTION = YES;
				GCC_WARN_UNUSED_VARIABLE = YES;
				IPHONEOS_DEPLOYMENT_TARGET = 8.3;
				MTL_ENABLE_DEBUG_INFO = YES;
				ONLY_ACTIVE_ARCH = YES;
				SDKROOT = iphoneos;
				SWIFT_OPTIMIZATION_LEVEL = "-Onone";
			};
			name = Debug;
		};
		BCFFDA5D1ADDECA300053AF4 /* Release */ = {
			isa = XCBuildConfiguration;
			buildSettings = {
				ALWAYS_SEARCH_USER_PATHS = NO;
				CLANG_CXX_LANGUAGE_STANDARD = "gnu++0x";
				CLANG_CXX_LIBRARY = "libc++";
				CLANG_ENABLE_MODULES = YES;
				CLANG_ENABLE_OBJC_ARC = YES;
				CLANG_WARN_BOOL_CONVERSION = YES;
				CLANG_WARN_CONSTANT_CONVERSION = YES;
				CLANG_WARN_DIRECT_OBJC_ISA_USAGE = YES_ERROR;
				CLANG_WARN_EMPTY_BODY = YES;
				CLANG_WARN_ENUM_CONVERSION = YES;
				CLANG_WARN_INT_CONVERSION = YES;
				CLANG_WARN_OBJC_ROOT_CLASS = YES_ERROR;
				CLANG_WARN_UNREACHABLE_CODE = YES;
				CLANG_WARN__DUPLICATE_METHOD_MATCH = YES;
				"CODE_SIGN_IDENTITY[sdk=iphoneos*]" = "iPhone Developer";
				COPY_PHASE_STRIP = NO;
				DEBUG_INFORMATION_FORMAT = "dwarf-with-dsym";
				ENABLE_NS_ASSERTIONS = NO;
				ENABLE_STRICT_OBJC_MSGSEND = YES;
				GCC_C_LANGUAGE_STANDARD = gnu99;
				GCC_NO_COMMON_BLOCKS = YES;
				GCC_WARN_64_TO_32_BIT_CONVERSION = YES;
				GCC_WARN_ABOUT_RETURN_TYPE = YES_ERROR;
				GCC_WARN_UNDECLARED_SELECTOR = YES;
				GCC_WARN_UNINITIALIZED_AUTOS = YES_AGGRESSIVE;
				GCC_WARN_UNUSED_FUNCTION = YES;
				GCC_WARN_UNUSED_VARIABLE = YES;
				IPHONEOS_DEPLOYMENT_TARGET = 8.3;
				MTL_ENABLE_DEBUG_INFO = NO;
				SDKROOT = iphoneos;
				VALIDATE_PRODUCT = YES;
			};
			name = Release;
		};
		BCFFDA5F1ADDECA300053AF4 /* Debug */ = {
			isa = XCBuildConfiguration;
			buildSettings = {
				ASSETCATALOG_COMPILER_APPICON_NAME = AppIcon;
				INFOPLIST_FILE = Tomate/Info.plist;
				LD_RUNPATH_SEARCH_PATHS = "$(inherited) @executable_path/Frameworks";
				PRODUCT_NAME = "$(TARGET_NAME)";
			};
			name = Debug;
		};
		BCFFDA601ADDECA300053AF4 /* Release */ = {
			isa = XCBuildConfiguration;
			buildSettings = {
				ASSETCATALOG_COMPILER_APPICON_NAME = AppIcon;
				INFOPLIST_FILE = Tomate/Info.plist;
				LD_RUNPATH_SEARCH_PATHS = "$(inherited) @executable_path/Frameworks";
				PRODUCT_NAME = "$(TARGET_NAME)";
			};
			name = Release;
		};
		BCFFDA621ADDECA300053AF4 /* Debug */ = {
			isa = XCBuildConfiguration;
			buildSettings = {
				BUNDLE_LOADER = "$(TEST_HOST)";
				FRAMEWORK_SEARCH_PATHS = (
					"$(SDKROOT)/Developer/Library/Frameworks",
					"$(inherited)",
				);
				GCC_PREPROCESSOR_DEFINITIONS = (
					"DEBUG=1",
					"$(inherited)",
				);
				INFOPLIST_FILE = TomateTests/Info.plist;
				LD_RUNPATH_SEARCH_PATHS = "$(inherited) @executable_path/Frameworks @loader_path/Frameworks";
				PRODUCT_NAME = "$(TARGET_NAME)";
				TEST_HOST = "$(BUILT_PRODUCTS_DIR)/Tomate.app/Tomate";
			};
			name = Debug;
		};
		BCFFDA631ADDECA300053AF4 /* Release */ = {
			isa = XCBuildConfiguration;
			buildSettings = {
				BUNDLE_LOADER = "$(TEST_HOST)";
				FRAMEWORK_SEARCH_PATHS = (
					"$(SDKROOT)/Developer/Library/Frameworks",
					"$(inherited)",
				);
				INFOPLIST_FILE = TomateTests/Info.plist;
				LD_RUNPATH_SEARCH_PATHS = "$(inherited) @executable_path/Frameworks @loader_path/Frameworks";
				PRODUCT_NAME = "$(TARGET_NAME)";
				TEST_HOST = "$(BUILT_PRODUCTS_DIR)/Tomate.app/Tomate";
			};
			name = Release;
		};
/* End XCBuildConfiguration section */

/* Begin XCConfigurationList section */
		BCFFDA3A1ADDECA300053AF4 /* Build configuration list for PBXProject "Tomate" */ = {
			isa = XCConfigurationList;
			buildConfigurations = (
				BCFFDA5C1ADDECA300053AF4 /* Debug */,
				BCFFDA5D1ADDECA300053AF4 /* Release */,
			);
			defaultConfigurationIsVisible = 0;
			defaultConfigurationName = Release;
		};
		BCFFDA5E1ADDECA300053AF4 /* Build configuration list for PBXNativeTarget "Tomate" */ = {
			isa = XCConfigurationList;
			buildConfigurations = (
				BCFFDA5F1ADDECA300053AF4 /* Debug */,
				BCFFDA601ADDECA300053AF4 /* Release */,
			);
			defaultConfigurationIsVisible = 0;
		};
		BCFFDA611ADDECA300053AF4 /* Build configuration list for PBXNativeTarget "TomateTests" */ = {
			isa = XCConfigurationList;
			buildConfigurations = (
				BCFFDA621ADDECA300053AF4 /* Debug */,
				BCFFDA631ADDECA300053AF4 /* Release */,
			);
			defaultConfigurationIsVisible = 0;
		};
/* End XCConfigurationList section */
	};
	rootObject = BCFFDA371ADDECA300053AF4 /* Project object */;
}
